
Microsoft Visual Studio Solution File, Format Version 12.00
# Visual Studio 15
VisualStudioVersion = 15.0.28307.1800
MinimumVisualStudioVersion = 10.0.40219.1
Project("{FAE04EC0-301F-11D3-BF4B-00C04F79EFBC}") = "MVBA_Exercise", "MVBA_Exercise\MVBA_Exercise.csproj", "{0AA1BA67-834D-4F6C-8F73-69AD7EAC6EE5}"
EndProject
Global
	GlobalSection(SolutionConfigurationPlatforms) = preSolution
		Debug|Any CPU = Debug|Any CPU
		Release|Any CPU = Release|Any CPU
	EndGlobalSection
	GlobalSection(ProjectConfigurationPlatforms) = postSolution
		{0AA1BA67-834D-4F6C-8F73-69AD7EAC6EE5}.Debug|Any CPU.ActiveCfg = Debug|Any CPU
		{0AA1BA67-834D-4F6C-8F73-69AD7EAC6EE5}.Debug|Any CPU.Build.0 = Debug|Any CPU
		{0AA1BA67-834D-4F6C-8F73-69AD7EAC6EE5}.Release|Any CPU.ActiveCfg = Release|Any CPU
		{0AA1BA67-834D-4F6C-8F73-69AD7EAC6EE5}.Release|Any CPU.Build.0 = Release|Any CPU
	EndGlobalSection
	GlobalSection(SolutionProperties) = preSolution
		HideSolutionNode = FALSE
	EndGlobalSection
	GlobalSection(ExtensibilityGlobals) = postSolution
		SolutionGuid = {E9F91BFB-8DD0-4FE2-9DC3-71D5CD00996D}
	EndGlobalSection
EndGlobal
